
Microsoft Visual Studio Solution File, Format Version 12.00
# Visual Studio Version 17
VisualStudioVersion = 17.3.32825.248
MinimumVisualStudioVersion = 10.0.40219.1
Project("{FAE04EC0-301F-11D3-BF4B-00C04F79EFBC}") = "ServiceTechno", "ServiceTechno\ServiceTechno.csproj", "{AF360B1E-68D3-45CC-9754-DF580AC33FC9}"
EndProject
Global
	GlobalSection(SolutionConfigurationPlatforms) = preSolution
		Debug|Any CPU = Debug|Any CPU
		Release|Any CPU = Release|Any CPU
	EndGlobalSection
	GlobalSection(ProjectConfigurationPlatforms) = postSolution
		{AF360B1E-68D3-45CC-9754-DF580AC33FC9}.Debug|Any CPU.ActiveCfg = Debug|Any CPU
		{AF360B1E-68D3-45CC-9754-DF580AC33FC9}.Debug|Any CPU.Build.0 = Debug|Any CPU
		{AF360B1E-68D3-45CC-9754-DF580AC33FC9}.Release|Any CPU.ActiveCfg = Release|Any CPU
		{AF360B1E-68D3-45CC-9754-DF580AC33FC9}.Release|Any CPU.Build.0 = Release|Any CPU
	EndGlobalSection
	GlobalSection(SolutionProperties) = preSolution
		HideSolutionNode = FALSE
	EndGlobalSection
	GlobalSection(ExtensibilityGlobals) = postSolution
		SolutionGuid = {CF0E8CE5-842D-4411-8982-3420F01ADF4E}
	EndGlobalSection
EndGlobal
